
Microsoft Visual Studio Solution File, Format Version 12.00
# Visual Studio Version 16
VisualStudioVersion = 16.0.28803.452
MinimumVisualStudioVersion = 10.0.40219.1
Project("{FAE04EC0-301F-11D3-BF4B-00C04F79EFBC}") = "fname2timestamp", "fname2timestamp\fname2timestamp.csproj", "{68C8DCF4-5F9F-4E68-9865-8F7283E53892}"
EndProject
Project("{FAE04EC0-301F-11D3-BF4B-00C04F79EFBC}") = "F2tTest", "F2tTest\F2tTest.csproj", "{63E87461-23E0-4D2A-A0F2-3BB0F336597E}"
	ProjectSection(ProjectDependencies) = postProject
		{68C8DCF4-5F9F-4E68-9865-8F7283E53892} = {68C8DCF4-5F9F-4E68-9865-8F7283E53892}
	EndProjectSection
EndProject
Project("{54435603-DBB4-11D2-8724-00A0C9A8B90C}") = "fname2timestampInstaller", "fname2timestampInstaller\fname2timestampInstaller.vdproj", "{FD57ACBE-9012-4509-B5DD-E87B40FE6B05}"
EndProject
Global
	GlobalSection(SolutionConfigurationPlatforms) = preSolution
		Debug|Any CPU = Debug|Any CPU
		Release|Any CPU = Release|Any CPU
	EndGlobalSection
	GlobalSection(ProjectConfigurationPlatforms) = postSolution
		{68C8DCF4-5F9F-4E68-9865-8F7283E53892}.Debug|Any CPU.ActiveCfg = Debug|Any CPU
		{68C8DCF4-5F9F-4E68-9865-8F7283E53892}.Debug|Any CPU.Build.0 = Debug|Any CPU
		{68C8DCF4-5F9F-4E68-9865-8F7283E53892}.Release|Any CPU.ActiveCfg = Release|Any CPU
		{68C8DCF4-5F9F-4E68-9865-8F7283E53892}.Release|Any CPU.Build.0 = Release|Any CPU
		{63E87461-23E0-4D2A-A0F2-3BB0F336597E}.Debug|Any CPU.ActiveCfg = Debug|Any CPU
		{63E87461-23E0-4D2A-A0F2-3BB0F336597E}.Debug|Any CPU.Build.0 = Debug|Any CPU
		{63E87461-23E0-4D2A-A0F2-3BB0F336597E}.Release|Any CPU.ActiveCfg = Release|Any CPU
		{63E87461-23E0-4D2A-A0F2-3BB0F336597E}.Release|Any CPU.Build.0 = Release|Any CPU
		{FD57ACBE-9012-4509-B5DD-E87B40FE6B05}.Debug|Any CPU.ActiveCfg = Debug
		{FD57ACBE-9012-4509-B5DD-E87B40FE6B05}.Release|Any CPU.ActiveCfg = Release
	EndGlobalSection
	GlobalSection(SolutionProperties) = preSolution
		HideSolutionNode = FALSE
	EndGlobalSection
	GlobalSection(ExtensibilityGlobals) = postSolution
		SolutionGuid = {F9DCE865-1359-4EF2-AD97-146BBF5A0BA4}
	EndGlobalSection
EndGlobal
